{
  "name": "vanilla",
  "version": "0.0.0",
  "lockfileVersion": 3,
  "requires": true,
  "packages": {
    "": {
      "name": "vanilla",
      "version": "0.0.0",
      "devDependencies": {
        "@tauri-apps/cli": ">=2.0.0-rc.4"
      }
    },
    "node_modules/@tauri-apps/cli": {
      "version": "2.0.0-rc.4",
      "resolved": "https://registry.npmjs.org/@tauri-apps/cli/-/cli-2.0.0-rc.4.tgz",
      "integrity": "sha512-K17SfVvs6eAQfO0rRkunG7D7EPch8TkGasXXYL9PQlAIO6UwBRblcvQpPBwivZG7Piq+DHd+InudDLNbG9Wb0g==",
      "dev": true,
      "bin": {
        "tauri": "tauri.js"
      },
      "engines": {
        "node": ">= 10"
      },
      "funding": {
        "type": "opencollective",
        "url": "https://opencollective.com/tauri"
      },
      "optionalDependencies": {
        "@tauri-apps/cli-darwin-arm64": "2.0.0-rc.4",
        "@tauri-apps/cli-darwin-x64": "2.0.0-rc.4",
        "@tauri-apps/cli-linux-arm-gnueabihf": "2.0.0-rc.4",
        "@tauri-apps/cli-linux-arm64-gnu": "2.0.0-rc.4",
        "@tauri-apps/cli-linux-arm64-musl": "2.0.0-rc.4",
        "@tauri-apps/cli-linux-x64-gnu": "2.0.0-rc.4",
        "@tauri-apps/cli-linux-x64-musl": "2.0.0-rc.4",
        "@tauri-apps/cli-win32-arm64-msvc": "2.0.0-rc.4",
        "@tauri-apps/cli-win32-ia32-msvc": "2.0.0-rc.4",
        "@tauri-apps/cli-win32-x64-msvc": "2.0.0-rc.4"
      }
    },
    "node_modules/@tauri-apps/cli-darwin-arm64": {
      "version": "2.0.0-rc.4",
      "resolved": "https://registry.npmjs.org/@tauri-apps/cli-darwin-arm64/-/cli-darwin-arm64-2.0.0-rc.4.tgz",
      "integrity": "sha512-CSkGon9QAGymYhDng3GTiBuyrWAkqdGimL+3hzfAA4c0yMV87Y68IZ7mwzzbmRjweImvrhuNgw4ME94d1wnGPQ==",
      "cpu": [
        "arm64"
      ],
      "dev": true,
      "optional": true,
      "os": [
        "darwin"
      ],
      "engines": {
        "node": ">= 10"
      }
    },
    "node_modules/@tauri-apps/cli-darwin-x64": {
      "version": "2.0.0-rc.4",
      "resolved": "https://registry.npmjs.org/@tauri-apps/cli-darwin-x64/-/cli-darwin-x64-2.0.0-rc.4.tgz",
      "integrity": "sha512-hBUWU/ef/Z/cLrRDq3x5euRx6kgbdWtVfekI4nhZmPBtM6uVbaaWpakmwGG7vOCP1IFD2qFMBUtIcIQeGTNlWQ==",
      "cpu": [
        "x64"
      ],
      "dev": true,
      "optional": true,
      "os": [
        "darwin"
      ],
      "engines": {
        "node": ">= 10"
      }
    },
    "node_modules/@tauri-apps/cli-linux-arm-gnueabihf": {
      "version": "2.0.0-rc.4",
      "resolved": "https://registry.npmjs.org/@tauri-apps/cli-linux-arm-gnueabihf/-/cli-linux-arm-gnueabihf-2.0.0-rc.4.tgz",
      "integrity": "sha512-w9kW7BZogzYTEgLCddTSFL2r8WwxF23WLf77d8ddeOKgstEtp8xZyQUlmtZXYqW3Zc2dVihIuJyHqev8EY17TA==",
      "cpu": [
        "arm"
      ],
      "dev": true,
      "optional": true,
      "os": [
        "linux"
      ],
      "engines": {
        "node": ">= 10"
      }
    },
    "node_modules/@tauri-apps/cli-linux-arm64-gnu": {
      "version": "2.0.0-rc.4",
      "resolved": "https://registry.npmjs.org/@tauri-apps/cli-linux-arm64-gnu/-/cli-linux-arm64-gnu-2.0.0-rc.4.tgz",
      "integrity": "sha512-9IK1SZpIxuMFRERMba71V/VFkYkaHAbURL3IUchjM/AiZLouBzWvLBQNEGTuwhZ9EKNlNmPChx9NXtsDecc9QQ==",
      "cpu": [
        "arm64"
      ],
      "dev": true,
      "optional": true,
      "os": [
        "linux"
      ],
      "engines": {
        "node": ">= 10"
      }
    },
    "node_modules/@tauri-apps/cli-linux-arm64-musl": {
      "version": "2.0.0-rc.4",
      "resolved": "https://registry.npmjs.org/@tauri-apps/cli-linux-arm64-musl/-/cli-linux-arm64-musl-2.0.0-rc.4.tgz",
      "integrity": "sha512-jKbcM36mt4hqDCOLcsQpOI84haPysEza/GuP9/0YqOTYBeZhq6c0wevPmyqgQjE8YVYadqZYW5ZkTx7Cr5Sr9g==",
      "cpu": [
        "arm64"
      ],
      "dev": true,
      "optional": true,
      "os": [
        "linux"
      ],
      "engines": {
        "node": ">= 10"
      }
    },
    "node_modules/@tauri-apps/cli-linux-x64-gnu": {
      "version": "2.0.0-rc.4",
      "resolved": "https://registry.npmjs.org/@tauri-apps/cli-linux-x64-gnu/-/cli-linux-x64-gnu-2.0.0-rc.4.tgz",
      "integrity": "sha512-W9qU002p7jpMACboql3cIrJ4wAXkOLz2g/IsFase+WGf1/q5pZaVwLBablqSSHDns3NMABwyb2h/f17ENP7DBQ==",
      "cpu": [
        "x64"
      ],
      "dev": true,
      "optional": true,
      "os": [
        "linux"
      ],
      "engines": {
        "node": ">= 10"
      }
    },
    "node_modules/@tauri-apps/cli-linux-x64-musl": {
      "version": "2.0.0-rc.4",
      "resolved": "https://registry.npmjs.org/@tauri-apps/cli-linux-x64-musl/-/cli-linux-x64-musl-2.0.0-rc.4.tgz",
      "integrity": "sha512-Towg3OKp1H4sKSgoDwtxhkgRzaXZUcr8Nph5xagCg756DFdTJo87nB5Kebls/Qu3GNyxrIPO6gfwWMkn4A4Wpg==",
      "cpu": [
        "x64"
      ],
      "dev": true,
      "optional": true,
      "os": [
        "linux"
      ],
      "engines": {
        "node": ">= 10"
      }
    },
    "node_modules/@tauri-apps/cli-win32-arm64-msvc": {
      "version": "2.0.0-rc.4",
      "resolved": "https://registry.npmjs.org/@tauri-apps/cli-win32-arm64-msvc/-/cli-win32-arm64-msvc-2.0.0-rc.4.tgz",
      "integrity": "sha512-kLW9SLsH7lHuwkTa8bUyxLBkInxdELHn2P/oRztGXpiHYcwdKzKvq1KNI8cMHw3qnqzM0uWPUfVnlBbmF6TNeA==",
      "cpu": [
        "arm64"
      ],
      "dev": true,
      "optional": true,
      "os": [
        "win32"
      ],
      "engines": {
        "node": ">= 10"
      }
    },
    "node_modules/@tauri-apps/cli-win32-ia32-msvc": {
      "version": "2.0.0-rc.4",
      "resolved": "https://registry.npmjs.org/@tauri-apps/cli-win32-ia32-msvc/-/cli-win32-ia32-msvc-2.0.0-rc.4.tgz",
      "integrity": "sha512-iuhTxRVtJUZQFQz6i9YVDyCz+o+9wwXn3xI3jvhjkfvbaCysd4WsYdkc8apDRvAh0ui2iNUaSC1+O6FvWnUmEQ==",
      "cpu": [
        "ia32"
      ],
      "dev": true,
      "optional": true,
      "os": [
        "win32"
      ],
      "engines": {
        "node": ">= 10"
      }
    },
    "node_modules/@tauri-apps/cli-win32-x64-msvc": {
      "version": "2.0.0-rc.4",
      "resolved": "https://registry.npmjs.org/@tauri-apps/cli-win32-x64-msvc/-/cli-win32-x64-msvc-2.0.0-rc.4.tgz",
      "integrity": "sha512-sK7UcoTJVhMyfqUQNq6jo49n4BT1pDwjd4Ns0f2xYxhqWe+J9aC5055bWqGnClIrzf44Wji3APkk5TfpSQczpg==",
      "cpu": [
        "x64"
      ],
      "dev": true,
      "optional": true,
      "os": [
        "win32"
      ],
      "engines": {
        "node": ">= 10"
      }
    }
  }
}
