{
  "name": "vanilla",
  "version": "0.0.0",
  "lockfileVersion": 3,
  "requires": true,
  "packages": {
    "": {
      "name": "vanilla",
      "version": "0.0.0",
      "devDependencies": {
        "@tauri-apps/cli": ">=2.0.0-rc.8"
      }
    },
    "node_modules/@tauri-apps/cli": {
      "version": "2.0.0-rc.8",
      "resolved": "https://registry.npmjs.org/@tauri-apps/cli/-/cli-2.0.0-rc.8.tgz",
      "integrity": "sha512-hB6Pa0IaJs/As3Hc5IOiiK4Ilh9jspEA+2uPURCRQg4BkzQWwQzNdGQ4gjAzFNFAWPzy/4uuIXdnd1a+jC4wLA==",
      "dev": true,
      "bin": {
        "tauri": "tauri.js"
      },
      "engines": {
        "node": ">= 10"
      },
      "funding": {
        "type": "opencollective",
        "url": "https://opencollective.com/tauri"
      },
      "optionalDependencies": {
        "@tauri-apps/cli-darwin-arm64": "2.0.0-rc.8",
        "@tauri-apps/cli-darwin-x64": "2.0.0-rc.8",
        "@tauri-apps/cli-linux-arm-gnueabihf": "2.0.0-rc.8",
        "@tauri-apps/cli-linux-arm64-gnu": "2.0.0-rc.8",
        "@tauri-apps/cli-linux-arm64-musl": "2.0.0-rc.8",
        "@tauri-apps/cli-linux-x64-gnu": "2.0.0-rc.8",
        "@tauri-apps/cli-linux-x64-musl": "2.0.0-rc.8",
        "@tauri-apps/cli-win32-arm64-msvc": "2.0.0-rc.8",
        "@tauri-apps/cli-win32-ia32-msvc": "2.0.0-rc.8",
        "@tauri-apps/cli-win32-x64-msvc": "2.0.0-rc.8"
      }
    },
    "node_modules/@tauri-apps/cli-darwin-arm64": {
      "version": "2.0.0-rc.8",
      "resolved": "https://registry.npmjs.org/@tauri-apps/cli-darwin-arm64/-/cli-darwin-arm64-2.0.0-rc.8.tgz",
      "integrity": "sha512-XDjFLfCz7gOsKg9qFyK7S9EbrdcLhWE2bSTvHDpnFdMc+DcjMR4O3HuCO7SrPmmFUf86OknYFiuMPEUoHf0Fiw==",
      "cpu": [
        "arm64"
      ],
      "dev": true,
      "optional": true,
      "os": [
        "darwin"
      ],
      "engines": {
        "node": ">= 10"
      }
    },
    "node_modules/@tauri-apps/cli-darwin-x64": {
      "version": "2.0.0-rc.8",
      "resolved": "https://registry.npmjs.org/@tauri-apps/cli-darwin-x64/-/cli-darwin-x64-2.0.0-rc.8.tgz",
      "integrity": "sha512-vYuITao7qq45jzTXRFdAcB+rVBULmofksWsKzoi+cgI8R0kcfB3bts+FRBdV3j+fkbpBQKpriW6Y6gdOzbf6Ow==",
      "cpu": [
        "x64"
      ],
      "dev": true,
      "optional": true,
      "os": [
        "darwin"
      ],
      "engines": {
        "node": ">= 10"
      }
    },
    "node_modules/@tauri-apps/cli-linux-arm-gnueabihf": {
      "version": "2.0.0-rc.8",
      "resolved": "https://registry.npmjs.org/@tauri-apps/cli-linux-arm-gnueabihf/-/cli-linux-arm-gnueabihf-2.0.0-rc.8.tgz",
      "integrity": "sha512-iW1gJyRBvwxCeBEu+ain18v8FtFBhrsqepzuUyOy7hZJWUMPdKHJhbFVz6xp3RGZf5ycsLUr3ZhqMB3vKtv7iQ==",
      "cpu": [
        "arm"
      ],
      "dev": true,
      "optional": true,
      "os": [
        "linux"
      ],
      "engines": {
        "node": ">= 10"
      }
    },
    "node_modules/@tauri-apps/cli-linux-arm64-gnu": {
      "version": "2.0.0-rc.8",
      "resolved": "https://registry.npmjs.org/@tauri-apps/cli-linux-arm64-gnu/-/cli-linux-arm64-gnu-2.0.0-rc.8.tgz",
      "integrity": "sha512-k1HQHpu59B8JteXALCSdCQBUVb+ytsg1u/QEWPzCm7mFhzr7jqdfBjQVAKt0T5rdQQTcNtK341oB7izuXmJE2A==",
      "cpu": [
        "arm64"
      ],
      "dev": true,
      "optional": true,
      "os": [
        "linux"
      ],
      "engines": {
        "node": ">= 10"
      }
    },
    "node_modules/@tauri-apps/cli-linux-arm64-musl": {
      "version": "2.0.0-rc.8",
      "resolved": "https://registry.npmjs.org/@tauri-apps/cli-linux-arm64-musl/-/cli-linux-arm64-musl-2.0.0-rc.8.tgz",
      "integrity": "sha512-tMotP7J/dMqCL8zPCwtMwjeO3SK1yxU9bUMZ3mwdAtf+3xr2d2hpmGo4KXk5r2jQee9+dIC3IBXexFhrVJGRHA==",
      "cpu": [
        "arm64"
      ],
      "dev": true,
      "optional": true,
      "os": [
        "linux"
      ],
      "engines": {
        "node": ">= 10"
      }
    },
    "node_modules/@tauri-apps/cli-linux-x64-gnu": {
      "version": "2.0.0-rc.8",
      "resolved": "https://registry.npmjs.org/@tauri-apps/cli-linux-x64-gnu/-/cli-linux-x64-gnu-2.0.0-rc.8.tgz",
      "integrity": "sha512-AnLghADQgt4oyp4rQyjpKfGpdAqofd+SRO9kht5d4c0RSViqwHBjIxrCt9FDhBpBwwkC6T6NNuQqaofZSnOH6Q==",
      "cpu": [
        "x64"
      ],
      "dev": true,
      "optional": true,
      "os": [
        "linux"
      ],
      "engines": {
        "node": ">= 10"
      }
    },
    "node_modules/@tauri-apps/cli-linux-x64-musl": {
      "version": "2.0.0-rc.8",
      "resolved": "https://registry.npmjs.org/@tauri-apps/cli-linux-x64-musl/-/cli-linux-x64-musl-2.0.0-rc.8.tgz",
      "integrity": "sha512-jv/uiXI2K41/XMA2vnKMcpdv1tKvez70HHvBoIwHhelmXV5V6Tpu5fTMEAXbA6WbJNfcFRi0kd55YRBOS0DZcw==",
      "cpu": [
        "x64"
      ],
      "dev": true,
      "optional": true,
      "os": [
        "linux"
      ],
      "engines": {
        "node": ">= 10"
      }
    },
    "node_modules/@tauri-apps/cli-win32-arm64-msvc": {
      "version": "2.0.0-rc.8",
      "resolved": "https://registry.npmjs.org/@tauri-apps/cli-win32-arm64-msvc/-/cli-win32-arm64-msvc-2.0.0-rc.8.tgz",
      "integrity": "sha512-wctgwSfuyJ0lXBzQSzGq5TAy2m9VZichZPPJ7GitYzdHbqIRLmvxM1abRen7HikP1lpjdmjl96/kWQOebEV0qw==",
      "cpu": [
        "arm64"
      ],
      "dev": true,
      "optional": true,
      "os": [
        "win32"
      ],
      "engines": {
        "node": ">= 10"
      }
    },
    "node_modules/@tauri-apps/cli-win32-ia32-msvc": {
      "version": "2.0.0-rc.8",
      "resolved": "https://registry.npmjs.org/@tauri-apps/cli-win32-ia32-msvc/-/cli-win32-ia32-msvc-2.0.0-rc.8.tgz",
      "integrity": "sha512-BBjoAezNpHscGhBICHrt+X+IyJIh9jYnaEIGvbCIMcGB6sSDxvtttw4ef9+4jNh3JixotOR2mwIudTc1H9HffQ==",
      "cpu": [
        "ia32"
      ],
      "dev": true,
      "optional": true,
      "os": [
        "win32"
      ],
      "engines": {
        "node": ">= 10"
      }
    },
    "node_modules/@tauri-apps/cli-win32-x64-msvc": {
      "version": "2.0.0-rc.8",
      "resolved": "https://registry.npmjs.org/@tauri-apps/cli-win32-x64-msvc/-/cli-win32-x64-msvc-2.0.0-rc.8.tgz",
      "integrity": "sha512-1pgDw2woeyDMvXctmqc53LBxsaAYqiRNUVgwvzlmzJDbUHv4+Pj4B1OGKQh1YKlsmks8LK3mK9uSbk+k1OLZhw==",
      "cpu": [
        "x64"
      ],
      "dev": true,
      "optional": true,
      "os": [
        "win32"
      ],
      "engines": {
        "node": ">= 10"
      }
    }
  }
}
